// !$*UTF8*$!
{
	archiveVersion = 1;
	classes = {
	};
	objectVersion = 56;
	objects = {

/* Begin PBXBuildFile section */
		9F451CFE29F27DDC002E651C /* No2.swift in Sources */ = {isa = PBXBuildFile; fileRef = 9F451CFD29F27DDC002E651C /* No2.swift */; };
		9F451D0029F27F48002E651C /* No3.swift in Sources */ = {isa = PBXBuildFile; fileRef = 9F451CFF29F27F48002E651C /* No3.swift */; };
		9F451D0229F27FE0002E651C /* No4.swift in Sources */ = {isa = PBXBuildFile; fileRef = 9F451D0129F27FE0002E651C /* No4.swift */; };
		9F451D0429F280ED002E651C /* No5.swift in Sources */ = {isa = PBXBuildFile; fileRef = 9F451D0329F280ED002E651C /* No5.swift */; };
		9F451D0629F281D7002E651C /* No6.swift in Sources */ = {isa = PBXBuildFile; fileRef = 9F451D0529F281D7002E651C /* No6.swift */; };
		9F451D0829F2847E002E651C /* No7.swift in Sources */ = {isa = PBXBuildFile; fileRef = 9F451D0729F2847E002E651C /* No7.swift */; };
		9FA8A48929D076D500F5573E /* SwiftUI100App.swift in Sources */ = {isa = PBXBuildFile; fileRef = 9FA8A48829D076D500F5573E /* SwiftUI100App.swift */; };
		9FA8A48B29D076D500F5573E /* ContentView.swift in Sources */ = {isa = PBXBuildFile; fileRef = 9FA8A48A29D076D500F5573E /* ContentView.swift */; };
		9FA8A48D29D076D700F5573E /* Assets.xcassets in Resources */ = {isa = PBXBuildFile; fileRef = 9FA8A48C29D076D700F5573E /* Assets.xcassets */; };
		9FA8A49029D076D700F5573E /* Preview Assets.xcassets in Resources */ = {isa = PBXBuildFile; fileRef = 9FA8A48F29D076D700F5573E /* Preview Assets.xcassets */; };
		9FA8A49729D3B98800F5573E /* No1.swift in Sources */ = {isa = PBXBuildFile; fileRef = 9FA8A49629D3B98800F5573E /* No1.swift */; };
/* End PBXBuildFile section */

/* Begin PBXFileReference section */
		9F451CFD29F27DDC002E651C /* No2.swift */ = {isa = PBXFileReference; lastKnownFileType = sourcecode.swift; path = No2.swift; sourceTree = "<group>"; };
		9F451CFF29F27F48002E651C /* No3.swift */ = {isa = PBXFileReference; lastKnownFileType = sourcecode.swift; path = No3.swift; sourceTree = "<group>"; };
		9F451D0129F27FE0002E651C /* No4.swift */ = {isa = PBXFileReference; lastKnownFileType = sourcecode.swift; path = No4.swift; sourceTree = "<group>"; };
		9F451D0329F280ED002E651C /* No5.swift */ = {isa = PBXFileReference; lastKnownFileType = sourcecode.swift; path = No5.swift; sourceTree = "<group>"; };
		9F451D0529F281D7002E651C /* No6.swift */ = {isa = PBXFileReference; lastKnownFileType = sourcecode.swift; path = No6.swift; sourceTree = "<group>"; };
		9F451D0729F2847E002E651C /* No7.swift */ = {isa = PBXFileReference; lastKnownFileType = sourcecode.swift; path = No7.swift; sourceTree = "<group>"; };
		9FA8A48529D076D500F5573E /* SwiftUI100.app */ = {isa = PBXFileReference; explicitFileType = wrapper.application; includeInIndex = 0; path = SwiftUI100.app; sourceTree = BUILT_PRODUCTS_DIR; };
		9FA8A48829D076D500F5573E /* SwiftUI100App.swift */ = {isa = PBXFileReference; lastKnownFileType = sourcecode.swift; path = SwiftUI100App.swift; sourceTree = "<group>"; };
		9FA8A48A29D076D500F5573E /* ContentView.swift */ = {isa = PBXFileReference; lastKnownFileType = sourcecode.swift; path = ContentView.swift; sourceTree = "<group>"; };
		9FA8A48C29D076D700F5573E /* Assets.xcassets */ = {isa = PBXFileReference; lastKnownFileType = folder.assetcatalog; path = Assets.xcassets; sourceTree = "<group>"; };
		9FA8A48F29D076D700F5573E /* Preview Assets.xcassets */ = {isa = PBXFileReference; lastKnownFileType = folder.assetcatalog; path = "Preview Assets.xcassets"; sourceTree = "<group>"; };
		9FA8A49629D3B98800F5573E /* No1.swift */ = {isa = PBXFileReference; lastKnownFileType = sourcecode.swift; path = No1.swift; sourceTree = "<group>"; };
/* End PBXFileReference section */

/* Begin PBXFrameworksBuildPhase section */
		9FA8A48229D076D500F5573E /* Frameworks */ = {
			isa = PBXFrameworksBuildPhase;
			buildActionMask = 2147483647;
			files = (
			);
			runOnlyForDeploymentPostprocessing = 0;
		};
/* End PBXFrameworksBuildPhase section */

/* Begin PBXGroup section */
		9FA8A47C29D076D500F5573E = {
			isa = PBXGroup;
			children = (
				9FA8A48729D076D500F5573E /* SwiftUI100 */,
				9FA8A48629D076D500F5573E /* Products */,
			);
			sourceTree = "<group>";
		};
		9FA8A48629D076D500F5573E /* Products */ = {
			isa = PBXGroup;
			children = (
				9FA8A48529D076D500F5573E /* SwiftUI100.app */,
			);
			name = Products;
			sourceTree = "<group>";
		};
		9FA8A48729D076D500F5573E /* SwiftUI100 */ = {
			isa = PBXGroup;
			children = (
				9FA8A48829D076D500F5573E /* SwiftUI100App.swift */,
				9FA8A48A29D076D500F5573E /* ContentView.swift */,
				9FA8A48C29D076D700F5573E /* Assets.xcassets */,
				9FA8A48E29D076D700F5573E /* Preview Content */,
				9FA8A49629D3B98800F5573E /* No1.swift */,
				9F451CFD29F27DDC002E651C /* No2.swift */,
				9F451CFF29F27F48002E651C /* No3.swift */,
				9F451D0129F27FE0002E651C /* No4.swift */,
				9F451D0329F280ED002E651C /* No5.swift */,
				9F451D0529F281D7002E651C /* No6.swift */,
				9F451D0729F2847E002E651C /* No7.swift */,
			);
			path = SwiftUI100;
			sourceTree = "<group>";
		};
		9FA8A48E29D076D700F5573E /* Preview Content */ = {
			isa = PBXGroup;
			children = (
				9FA8A48F29D076D700F5573E /* Preview Assets.xcassets */,
			);
			path = "Preview Content";
			sourceTree = "<group>";
		};
/* End PBXGroup section */

/* Begin PBXNativeTarget section */
		9FA8A48429D076D500F5573E /* SwiftUI100 */ = {
			isa = PBXNativeTarget;
			buildConfigurationList = 9FA8A49329D076D700F5573E /* Build configuration list for PBXNativeTarget "SwiftUI100" */;
			buildPhases = (
				9FA8A48129D076D500F5573E /* Sources */,
				9FA8A48229D076D500F5573E /* Frameworks */,
				9FA8A48329D076D500F5573E /* Resources */,
			);
			buildRules = (
			);
			dependencies = (
			);
			name = SwiftUI100;
			productName = SwiftUI100;
			productReference = 9FA8A48529D076D500F5573E /* SwiftUI100.app */;
			productType = "com.apple.product-type.application";
		};
/* End PBXNativeTarget section */

/* Begin PBXProject section */
		9FA8A47D29D076D500F5573E /* Project object */ = {
			isa = PBXProject;
			attributes = {
				BuildIndependentTargetsInParallel = 1;
				LastSwiftUpdateCheck = 1420;
				LastUpgradeCheck = 1420;
				TargetAttributes = {
					9FA8A48429D076D500F5573E = {
						CreatedOnToolsVersion = 14.2;
					};
				};
			};
			buildConfigurationList = 9FA8A48029D076D500F5573E /* Build configuration list for PBXProject "SwiftUI100" */;
			compatibilityVersion = "Xcode 14.0";
			developmentRegion = en;
			hasScannedForEncodings = 0;
			knownRegions = (
				en,
				Base,
			);
			mainGroup = 9FA8A47C29D076D500F5573E;
			productRefGroup = 9FA8A48629D076D500F5573E /* Products */;
			projectDirPath = "";
			projectRoot = "";
			targets = (
				9FA8A48429D076D500F5573E /* SwiftUI100 */,
			);
		};
/* End PBXProject section */

/* Begin PBXResourcesBuildPhase section */
		9FA8A48329D076D500F5573E /* Resources */ = {
			isa = PBXResourcesBuildPhase;
			buildActionMask = 2147483647;
			files = (
				9FA8A49029D076D700F5573E /* Preview Assets.xcassets in Resources */,
				9FA8A48D29D076D700F5573E /* Assets.xcassets in Resources */,
			);
			runOnlyForDeploymentPostprocessing = 0;
		};
/* End PBXResourcesBuildPhase section */

/* Begin PBXSourcesBuildPhase section */
		9FA8A48129D076D500F5573E /* Sources */ = {
			isa = PBXSourcesBuildPhase;
			buildActionMask = 2147483647;
			files = (
				9FA8A48B29D076D500F5573E /* ContentView.swift in Sources */,
				9F451D0229F27FE0002E651C /* No4.swift in Sources */,
				9F451D0029F27F48002E651C /* No3.swift in Sources */,
				9FA8A49729D3B98800F5573E /* No1.swift in Sources */,
				9F451D0429F280ED002E651C /* No5.swift in Sources */,
				9FA8A48929D076D500F5573E /* SwiftUI100App.swift in Sources */,
				9F451CFE29F27DDC002E651C /* No2.swift in Sources */,
				9F451D0829F2847E002E651C /* No7.swift in Sources */,
				9F451D0629F281D7002E651C /* No6.swift in Sources */,
			);
			runOnlyForDeploymentPostprocessing = 0;
		};
/* End PBXSourcesBuildPhase section */

/* Begin XCBuildConfiguration section */
		9FA8A49129D076D700F5573E /* Debug */ = {
			isa = XCBuildConfiguration;
			buildSettings = {
				ALWAYS_SEARCH_USER_PATHS = NO;
				CLANG_ANALYZER_NONNULL = YES;
				CLANG_ANALYZER_NUMBER_OBJECT_CONVERSION = YES_AGGRESSIVE;
				CLANG_CXX_LANGUAGE_STANDARD = "gnu++20";
				CLANG_ENABLE_MODULES = YES;
				CLANG_ENABLE_OBJC_ARC = YES;
				CLANG_ENABLE_OBJC_WEAK = YES;
				CLANG_WARN_BLOCK_CAPTURE_AUTORELEASING = YES;
				CLANG_WARN_BOOL_CONVERSION = YES;
				CLANG_WARN_COMMA = YES;
				CLANG_WARN_CONSTANT_CONVERSION = YES;
				CLANG_WARN_DEPRECATED_OBJC_IMPLEMENTATIONS = YES;
				CLANG_WARN_DIRECT_OBJC_ISA_USAGE = YES_ERROR;
				CLANG_WARN_DOCUMENTATION_COMMENTS = YES;
				CLANG_WARN_EMPTY_BODY = YES;
				CLANG_WARN_ENUM_CONVERSION = YES;
				CLANG_WARN_INFINITE_RECURSION = YES;
				CLANG_WARN_INT_CONVERSION = YES;
				CLANG_WARN_NON_LITERAL_NULL_CONVERSION = YES;
				CLANG_WARN_OBJC_IMPLICIT_RETAIN_SELF = YES;
				CLANG_WARN_OBJC_LITERAL_CONVERSION = YES;
				CLANG_WARN_OBJC_ROOT_CLASS = YES_ERROR;
				CLANG_WARN_QUOTED_INCLUDE_IN_FRAMEWORK_HEADER = YES;
				CLANG_WARN_RANGE_LOOP_ANALYSIS = YES;
				CLANG_WARN_STRICT_PROTOTYPES = YES;
				CLANG_WARN_SUSPICIOUS_MOVE = YES;
				CLANG_WARN_UNGUARDED_AVAILABILITY = YES_AGGRESSIVE;
				CLANG_WARN_UNREACHABLE_CODE = YES;
				CLANG_WARN__DUPLICATE_METHOD_MATCH = YES;
				COPY_PHASE_STRIP = NO;
				DEBUG_INFORMATION_FORMAT = dwarf;
				ENABLE_STRICT_OBJC_MSGSEND = YES;
				ENABLE_TESTABILITY = YES;
				GCC_C_LANGUAGE_STANDARD = gnu11;
				GCC_DYNAMIC_NO_PIC = NO;
				GCC_NO_COMMON_BLOCKS = YES;
				GCC_OPTIMIZATION_LEVEL = 0;
				GCC_PREPROCESSOR_DEFINITIONS = (
					"DEBUG=1",
					"$(inherited)",
				);
				GCC_WARN_64_TO_32_BIT_CONVERSION = YES;
				GCC_WARN_ABOUT_RETURN_TYPE = YES_ERROR;
				GCC_WARN_UNDECLARED_SELECTOR = YES;
				GCC_WARN_UNINITIALIZED_AUTOS = YES_AGGRESSIVE;
				GCC_WARN_UNUSED_FUNCTION = YES;
				GCC_WARN_UNUSED_VARIABLE = YES;
				IPHONEOS_DEPLOYMENT_TARGET = 16.2;
				MTL_ENABLE_DEBUG_INFO = INCLUDE_SOURCE;
				MTL_FAST_MATH = YES;
				ONLY_ACTIVE_ARCH = YES;
				SDKROOT = iphoneos;
				SWIFT_ACTIVE_COMPILATION_CONDITIONS = DEBUG;
				SWIFT_OPTIMIZATION_LEVEL = "-Onone";
			};
			name = Debug;
		};
		9FA8A49229D076D700F5573E /* Release */ = {
			isa = XCBuildConfiguration;
			buildSettings = {
				ALWAYS_SEARCH_USER_PATHS = NO;
				CLANG_ANALYZER_NONNULL = YES;
				CLANG_ANALYZER_NUMBER_OBJECT_CONVERSION = YES_AGGRESSIVE;
				CLANG_CXX_LANGUAGE_STANDARD = "gnu++20";
				CLANG_ENABLE_MODULES = YES;
				CLANG_ENABLE_OBJC_ARC = YES;
				CLANG_ENABLE_OBJC_WEAK = YES;
				CLANG_WARN_BLOCK_CAPTURE_AUTORELEASING = YES;
				CLANG_WARN_BOOL_CONVERSION = YES;
				CLANG_WARN_COMMA = YES;
				CLANG_WARN_CONSTANT_CONVERSION = YES;
				CLANG_WARN_DEPRECATED_OBJC_IMPLEMENTATIONS = YES;
				CLANG_WARN_DIRECT_OBJC_ISA_USAGE = YES_ERROR;
				CLANG_WARN_DOCUMENTATION_COMMENTS = YES;
				CLANG_WARN_EMPTY_BODY = YES;
				CLANG_WARN_ENUM_CONVERSION = YES;
				CLANG_WARN_INFINITE_RECURSION = YES;
				CLANG_WARN_INT_CONVERSION = YES;
				CLANG_WARN_NON_LITERAL_NULL_CONVERSION = YES;
				CLANG_WARN_OBJC_IMPLICIT_RETAIN_SELF = YES;
				CLANG_WARN_OBJC_LITERAL_CONVERSION = YES;
				CLANG_WARN_OBJC_ROOT_CLASS = YES_ERROR;
				CLANG_WARN_QUOTED_INCLUDE_IN_FRAMEWORK_HEADER = YES;
				CLANG_WARN_RANGE_LOOP_ANALYSIS = YES;
				CLANG_WARN_STRICT_PROTOTYPES = YES;
				CLANG_WARN_SUSPICIOUS_MOVE = YES;
				CLANG_WARN_UNGUARDED_AVAILABILITY = YES_AGGRESSIVE;
				CLANG_WARN_UNREACHABLE_CODE = YES;
				CLANG_WARN__DUPLICATE_METHOD_MATCH = YES;
				COPY_PHASE_STRIP = NO;
				DEBUG_INFORMATION_FORMAT = "dwarf-with-dsym";
				ENABLE_NS_ASSERTIONS = NO;
				ENABLE_STRICT_OBJC_MSGSEND = YES;
				GCC_C_LANGUAGE_STANDARD = gnu11;
				GCC_NO_COMMON_BLOCKS = YES;
				GCC_WARN_64_TO_32_BIT_CONVERSION = YES;
				GCC_WARN_ABOUT_RETURN_TYPE = YES_ERROR;
				GCC_WARN_UNDECLARED_SELECTOR = YES;
				GCC_WARN_UNINITIALIZED_AUTOS = YES_AGGRESSIVE;
				GCC_WARN_UNUSED_FUNCTION = YES;
				GCC_WARN_UNUSED_VARIABLE = YES;
				IPHONEOS_DEPLOYMENT_TARGET = 16.2;
				MTL_ENABLE_DEBUG_INFO = NO;
				MTL_FAST_MATH = YES;
				SDKROOT = iphoneos;
				SWIFT_COMPILATION_MODE = wholemodule;
				SWIFT_OPTIMIZATION_LEVEL = "-O";
				VALIDATE_PRODUCT = YES;
			};
			name = Release;
		};
		9FA8A49429D076D700F5573E /* Debug */ = {
			isa = XCBuildConfiguration;
			buildSettings = {
				ASSETCATALOG_COMPILER_APPICON_NAME = AppIcon;
				ASSETCATALOG_COMPILER_GLOBAL_ACCENT_COLOR_NAME = AccentColor;
				CODE_SIGN_STYLE = Automatic;
				CURRENT_PROJECT_VERSION = 1;
				DEVELOPMENT_ASSET_PATHS = "\"SwiftUI100/Preview Content\"";
				DEVELOPMENT_TEAM = 4F3943TE3K;
				ENABLE_PREVIEWS = YES;
				GENERATE_INFOPLIST_FILE = YES;
				INFOPLIST_KEY_UIApplicationSceneManifest_Generation = YES;
				INFOPLIST_KEY_UIApplicationSupportsIndirectInputEvents = YES;
				INFOPLIST_KEY_UILaunchScreen_Generation = YES;
				INFOPLIST_KEY_UISupportedInterfaceOrientations_iPad = "UIInterfaceOrientationPortrait UIInterfaceOrientationPortraitUpsideDown UIInterfaceOrientationLandscapeLeft UIInterfaceOrientationLandscapeRight";
				INFOPLIST_KEY_UISupportedInterfaceOrientations_iPhone = "UIInterfaceOrientationPortrait UIInterfaceOrientationLandscapeLeft UIInterfaceOrientationLandscapeRight";
				LD_RUNPATH_SEARCH_PATHS = (
					"$(inherited)",
					"@executable_path/Frameworks",
				);
				MARKETING_VERSION = 1.0;
				PRODUCT_BUNDLE_IDENTIFIER = canacel.SwiftUI100;
				PRODUCT_NAME = "$(TARGET_NAME)";
				SWIFT_EMIT_LOC_STRINGS = YES;
				SWIFT_VERSION = 5.0;
				TARGETED_DEVICE_FAMILY = "1,2";
			};
			name = Debug;
		};
		9FA8A49529D076D700F5573E /* Release */ = {
			isa = XCBuildConfiguration;
			buildSettings = {
				ASSETCATALOG_COMPILER_APPICON_NAME = AppIcon;
				ASSETCATALOG_COMPILER_GLOBAL_ACCENT_COLOR_NAME = AccentColor;
				CODE_SIGN_STYLE = Automatic;
				CURRENT_PROJECT_VERSION = 1;
				DEVELOPMENT_ASSET_PATHS = "\"SwiftUI100/Preview Content\"";
				DEVELOPMENT_TEAM = 4F3943TE3K;
				ENABLE_PREVIEWS = YES;
				GENERATE_INFOPLIST_FILE = YES;
				INFOPLIST_KEY_UIApplicationSceneManifest_Generation = YES;
				INFOPLIST_KEY_UIApplicationSupportsIndirectInputEvents = YES;
				INFOPLIST_KEY_UILaunchScreen_Generation = YES;
				INFOPLIST_KEY_UISupportedInterfaceOrientations_iPad = "UIInterfaceOrientationPortrait UIInterfaceOrientationPortraitUpsideDown UIInterfaceOrientationLandscapeLeft UIInterfaceOrientationLandscapeRight";
				INFOPLIST_KEY_UISupportedInterfaceOrientations_iPhone = "UIInterfaceOrientationPortrait UIInterfaceOrientationLandscapeLeft UIInterfaceOrientationLandscapeRight";
				LD_RUNPATH_SEARCH_PATHS = (
					"$(inherited)",
					"@executable_path/Frameworks",
				);
				MARKETING_VERSION = 1.0;
				PRODUCT_BUNDLE_IDENTIFIER = canacel.SwiftUI100;
				PRODUCT_NAME = "$(TARGET_NAME)";
				SWIFT_EMIT_LOC_STRINGS = YES;
				SWIFT_VERSION = 5.0;
				TARGETED_DEVICE_FAMILY = "1,2";
			};
			name = Release;
		};
/* End XCBuildConfiguration section */

/* Begin XCConfigurationList section */
		9FA8A48029D076D500F5573E /* Build configuration list for PBXProject "SwiftUI100" */ = {
			isa = XCConfigurationList;
			buildConfigurations = (
				9FA8A49129D076D700F5573E /* Debug */,
				9FA8A49229D076D700F5573E /* Release */,
			);
			defaultConfigurationIsVisible = 0;
			defaultConfigurationName = Release;
		};
		9FA8A49329D076D700F5573E /* Build configuration list for PBXNativeTarget "SwiftUI100" */ = {
			isa = XCConfigurationList;
			buildConfigurations = (
				9FA8A49429D076D700F5573E /* Debug */,
				9FA8A49529D076D700F5573E /* Release */,
			);
			defaultConfigurationIsVisible = 0;
			defaultConfigurationName = Release;
		};
/* End XCConfigurationList section */
	};
	rootObject = 9FA8A47D29D076D500F5573E /* Project object */;
}
