// !$*UTF8*$!
{
	archiveVersion = 1;
	classes = {
	};
	objectVersion = 56;
	objects = {

/* Begin PBXBuildFile section */
		9F1951792A31F82600C9A634 /* No48.swift in Sources */ = {isa = PBXBuildFile; fileRef = 9F1951782A31F82600C9A634 /* No48.swift */; };
		9F19517B2A31F9D400C9A634 /* No49.swift in Sources */ = {isa = PBXBuildFile; fileRef = 9F19517A2A31F9D400C9A634 /* No49.swift */; };
		9F19517D2A31FB7300C9A634 /* No54.swift in Sources */ = {isa = PBXBuildFile; fileRef = 9F19517C2A31FB7300C9A634 /* No54.swift */; };
		9F19517F2A31FD2900C9A634 /* No55.swift in Sources */ = {isa = PBXBuildFile; fileRef = 9F19517E2A31FD2900C9A634 /* No55.swift */; };
		9F1951812A31FFA000C9A634 /* No56.swift in Sources */ = {isa = PBXBuildFile; fileRef = 9F1951802A31FFA000C9A634 /* No56.swift */; };
		9F1951832A32019700C9A634 /* No57.swift in Sources */ = {isa = PBXBuildFile; fileRef = 9F1951822A32019700C9A634 /* No57.swift */; };
		9F1951852A3204FC00C9A634 /* No58.swift in Sources */ = {isa = PBXBuildFile; fileRef = 9F1951842A3204FC00C9A634 /* No58.swift */; };
		9F1951872A320E7E00C9A634 /* No59.swift in Sources */ = {isa = PBXBuildFile; fileRef = 9F1951862A320E7E00C9A634 /* No59.swift */; };
		9F1951892A32108D00C9A634 /* No61.swift in Sources */ = {isa = PBXBuildFile; fileRef = 9F1951882A32108D00C9A634 /* No61.swift */; };
		9F19518B2A32126C00C9A634 /* No62.swift in Sources */ = {isa = PBXBuildFile; fileRef = 9F19518A2A32126C00C9A634 /* No62.swift */; };
		9F19518D2A3213E100C9A634 /* No63.swift in Sources */ = {isa = PBXBuildFile; fileRef = 9F19518C2A3213E100C9A634 /* No63.swift */; };
		9F19518F2A3214D700C9A634 /* No64.swift in Sources */ = {isa = PBXBuildFile; fileRef = 9F19518E2A3214D700C9A634 /* No64.swift */; };
		9F1951912A32248C00C9A634 /* No65.swift in Sources */ = {isa = PBXBuildFile; fileRef = 9F1951902A32248C00C9A634 /* No65.swift */; };
		9F1951932A32262600C9A634 /* No66.swift in Sources */ = {isa = PBXBuildFile; fileRef = 9F1951922A32262600C9A634 /* No66.swift */; };
		9F1951952A32273800C9A634 /* No67.swift in Sources */ = {isa = PBXBuildFile; fileRef = 9F1951942A32273800C9A634 /* No67.swift */; };
		9F1951972A32281900C9A634 /* No68.swift in Sources */ = {isa = PBXBuildFile; fileRef = 9F1951962A32281900C9A634 /* No68.swift */; };
		9F1951992A32298E00C9A634 /* No69.swift in Sources */ = {isa = PBXBuildFile; fileRef = 9F1951982A32298E00C9A634 /* No69.swift */; };
		9F19519B2A322C7700C9A634 /* No70.swift in Sources */ = {isa = PBXBuildFile; fileRef = 9F19519A2A322C7700C9A634 /* No70.swift */; };
		9F19519D2A322E8E00C9A634 /* No71.swift in Sources */ = {isa = PBXBuildFile; fileRef = 9F19519C2A322E8E00C9A634 /* No71.swift */; };
		9F19519F2A322FAB00C9A634 /* No72.swift in Sources */ = {isa = PBXBuildFile; fileRef = 9F19519E2A322FAB00C9A634 /* No72.swift */; };
		9F1951A12A326FC700C9A634 /* No73.swift in Sources */ = {isa = PBXBuildFile; fileRef = 9F1951A02A326FC700C9A634 /* No73.swift */; };
		9F1951A32A32707B00C9A634 /* No74.swift in Sources */ = {isa = PBXBuildFile; fileRef = 9F1951A22A32707B00C9A634 /* No74.swift */; };
		9F1951A52A32728600C9A634 /* No75.swift in Sources */ = {isa = PBXBuildFile; fileRef = 9F1951A42A32728600C9A634 /* No75.swift */; };
		9F1951A72A3274F100C9A634 /* No76.swift in Sources */ = {isa = PBXBuildFile; fileRef = 9F1951A62A3274F100C9A634 /* No76.swift */; };
		9F451CFE29F27DDC002E651C /* No2.swift in Sources */ = {isa = PBXBuildFile; fileRef = 9F451CFD29F27DDC002E651C /* No2.swift */; };
		9F451D0029F27F48002E651C /* No3.swift in Sources */ = {isa = PBXBuildFile; fileRef = 9F451CFF29F27F48002E651C /* No3.swift */; };
		9F451D0229F27FE0002E651C /* No4.swift in Sources */ = {isa = PBXBuildFile; fileRef = 9F451D0129F27FE0002E651C /* No4.swift */; };
		9F451D0429F280ED002E651C /* No5.swift in Sources */ = {isa = PBXBuildFile; fileRef = 9F451D0329F280ED002E651C /* No5.swift */; };
		9F451D0629F281D7002E651C /* No6.swift in Sources */ = {isa = PBXBuildFile; fileRef = 9F451D0529F281D7002E651C /* No6.swift */; };
		9F451D0829F2847E002E651C /* No7.swift in Sources */ = {isa = PBXBuildFile; fileRef = 9F451D0729F2847E002E651C /* No7.swift */; };
		9F5930122A2307F70036E45B /* No27.swift in Sources */ = {isa = PBXBuildFile; fileRef = 9F5930112A2307F70036E45B /* No27.swift */; };
		9F5930142A230A3E0036E45B /* No29.swift in Sources */ = {isa = PBXBuildFile; fileRef = 9F5930132A230A3E0036E45B /* No29.swift */; };
		9F5930162A230DB60036E45B /* No30.swift in Sources */ = {isa = PBXBuildFile; fileRef = 9F5930152A230DB60036E45B /* No30.swift */; };
		9F5930182A230E870036E45B /* No31.swift in Sources */ = {isa = PBXBuildFile; fileRef = 9F5930172A230E870036E45B /* No31.swift */; };
		9F59301A2A230FAD0036E45B /* No32.swift in Sources */ = {isa = PBXBuildFile; fileRef = 9F5930192A230FAD0036E45B /* No32.swift */; };
		9F59301C2A2310CB0036E45B /* No33.swift in Sources */ = {isa = PBXBuildFile; fileRef = 9F59301B2A2310CB0036E45B /* No33.swift */; };
		9F59301E2A2312EE0036E45B /* No34.swift in Sources */ = {isa = PBXBuildFile; fileRef = 9F59301D2A2312EE0036E45B /* No34.swift */; };
		9F5930202A2314E30036E45B /* No35.swift in Sources */ = {isa = PBXBuildFile; fileRef = 9F59301F2A2314E30036E45B /* No35.swift */; };
		9F5930222A29DA8B0036E45B /* No36.swift in Sources */ = {isa = PBXBuildFile; fileRef = 9F5930212A29DA8B0036E45B /* No36.swift */; };
		9F5930242A29DF7C0036E45B /* No37.swift in Sources */ = {isa = PBXBuildFile; fileRef = 9F5930232A29DF7C0036E45B /* No37.swift */; };
		9F5930262A29E3CA0036E45B /* No38.swift in Sources */ = {isa = PBXBuildFile; fileRef = 9F5930252A29E3CA0036E45B /* No38.swift */; };
		9F5930282A31ED7F0036E45B /* No39.swift in Sources */ = {isa = PBXBuildFile; fileRef = 9F5930272A31ED7F0036E45B /* No39.swift */; };
		9F59302A2A31EEE90036E45B /* No40.swift in Sources */ = {isa = PBXBuildFile; fileRef = 9F5930292A31EEE90036E45B /* No40.swift */; };
		9F59302C2A31F0C20036E45B /* No41.swift in Sources */ = {isa = PBXBuildFile; fileRef = 9F59302B2A31F0C20036E45B /* No41.swift */; };
		9F59302E2A31F59F0036E45B /* No46.swift in Sources */ = {isa = PBXBuildFile; fileRef = 9F59302D2A31F59F0036E45B /* No46.swift */; };
		9F72A7742A218DAA003F4F90 /* No10.swift in Sources */ = {isa = PBXBuildFile; fileRef = 9F72A7732A218DAA003F4F90 /* No10.swift */; };
		9F72A7762A218E9C003F4F90 /* No11.swift in Sources */ = {isa = PBXBuildFile; fileRef = 9F72A7752A218E9C003F4F90 /* No11.swift */; };
		9F72A77A2A219444003F4F90 /* No12.swift in Sources */ = {isa = PBXBuildFile; fileRef = 9F72A7792A219444003F4F90 /* No12.swift */; };
		9F72A77C2A219546003F4F90 /* No12_2.swift in Sources */ = {isa = PBXBuildFile; fileRef = 9F72A77B2A219546003F4F90 /* No12_2.swift */; };
		9F72A77E2A21976C003F4F90 /* No13.swift in Sources */ = {isa = PBXBuildFile; fileRef = 9F72A77D2A21976C003F4F90 /* No13.swift */; };
		9F72A7802A2197E2003F4F90 /* No14.swift in Sources */ = {isa = PBXBuildFile; fileRef = 9F72A77F2A2197E2003F4F90 /* No14.swift */; };
		9F72A7822A21998F003F4F90 /* No15.swift in Sources */ = {isa = PBXBuildFile; fileRef = 9F72A7812A21998F003F4F90 /* No15.swift */; };
		9F72A7842A219B85003F4F90 /* No16.swift in Sources */ = {isa = PBXBuildFile; fileRef = 9F72A7832A219B85003F4F90 /* No16.swift */; };
		9F72A7862A219C29003F4F90 /* No17.swift in Sources */ = {isa = PBXBuildFile; fileRef = 9F72A7852A219C29003F4F90 /* No17.swift */; };
		9F72A7882A219D8F003F4F90 /* No18.swift in Sources */ = {isa = PBXBuildFile; fileRef = 9F72A7872A219D8F003F4F90 /* No18.swift */; };
		9F72A78A2A219FDB003F4F90 /* No19.swift in Sources */ = {isa = PBXBuildFile; fileRef = 9F72A7892A219FDB003F4F90 /* No19.swift */; };
		9F72A78C2A21A166003F4F90 /* No19_2.swift in Sources */ = {isa = PBXBuildFile; fileRef = 9F72A78B2A21A166003F4F90 /* No19_2.swift */; };
		9F72A78E2A21A503003F4F90 /* No20.swift in Sources */ = {isa = PBXBuildFile; fileRef = 9F72A78D2A21A503003F4F90 /* No20.swift */; };
		9F72A7902A21A6FA003F4F90 /* No21.swift in Sources */ = {isa = PBXBuildFile; fileRef = 9F72A78F2A21A6FA003F4F90 /* No21.swift */; };
		9F72A7922A21ACC0003F4F90 /* No22.swift in Sources */ = {isa = PBXBuildFile; fileRef = 9F72A7912A21ACC0003F4F90 /* No22.swift */; };
		9F72A7942A21AE73003F4F90 /* No23.swift in Sources */ = {isa = PBXBuildFile; fileRef = 9F72A7932A21AE73003F4F90 /* No23.swift */; };
		9F72A7962A21B123003F4F90 /* No24.swift in Sources */ = {isa = PBXBuildFile; fileRef = 9F72A7952A21B123003F4F90 /* No24.swift */; };
		9F72A7982A21B3D8003F4F90 /* No25.swift in Sources */ = {isa = PBXBuildFile; fileRef = 9F72A7972A21B3D8003F4F90 /* No25.swift */; };
		9F72A79A2A21B653003F4F90 /* No26.swift in Sources */ = {isa = PBXBuildFile; fileRef = 9F72A7992A21B653003F4F90 /* No26.swift */; };
		9F8B02FE29FB9A5E0044A67B /* No8.swift in Sources */ = {isa = PBXBuildFile; fileRef = 9F8B02FD29FB9A5E0044A67B /* No8.swift */; };
		9F8B030029FB9E960044A67B /* No9.swift in Sources */ = {isa = PBXBuildFile; fileRef = 9F8B02FF29FB9E960044A67B /* No9.swift */; };
		9FA8A48929D076D500F5573E /* SwiftUI100App.swift in Sources */ = {isa = PBXBuildFile; fileRef = 9FA8A48829D076D500F5573E /* SwiftUI100App.swift */; };
		9FA8A48B29D076D500F5573E /* ContentView.swift in Sources */ = {isa = PBXBuildFile; fileRef = 9FA8A48A29D076D500F5573E /* ContentView.swift */; };
		9FA8A48D29D076D700F5573E /* Assets.xcassets in Resources */ = {isa = PBXBuildFile; fileRef = 9FA8A48C29D076D700F5573E /* Assets.xcassets */; };
		9FA8A49029D076D700F5573E /* Preview Assets.xcassets in Resources */ = {isa = PBXBuildFile; fileRef = 9FA8A48F29D076D700F5573E /* Preview Assets.xcassets */; };
		9FA8A49729D3B98800F5573E /* No1.swift in Sources */ = {isa = PBXBuildFile; fileRef = 9FA8A49629D3B98800F5573E /* No1.swift */; };
/* End PBXBuildFile section */

/* Begin PBXFileReference section */
		9F1951782A31F82600C9A634 /* No48.swift */ = {isa = PBXFileReference; lastKnownFileType = sourcecode.swift; path = No48.swift; sourceTree = "<group>"; };
		9F19517A2A31F9D400C9A634 /* No49.swift */ = {isa = PBXFileReference; lastKnownFileType = sourcecode.swift; path = No49.swift; sourceTree = "<group>"; };
		9F19517C2A31FB7300C9A634 /* No54.swift */ = {isa = PBXFileReference; lastKnownFileType = sourcecode.swift; path = No54.swift; sourceTree = "<group>"; };
		9F19517E2A31FD2900C9A634 /* No55.swift */ = {isa = PBXFileReference; lastKnownFileType = sourcecode.swift; path = No55.swift; sourceTree = "<group>"; };
		9F1951802A31FFA000C9A634 /* No56.swift */ = {isa = PBXFileReference; lastKnownFileType = sourcecode.swift; path = No56.swift; sourceTree = "<group>"; };
		9F1951822A32019700C9A634 /* No57.swift */ = {isa = PBXFileReference; lastKnownFileType = sourcecode.swift; path = No57.swift; sourceTree = "<group>"; };
		9F1951842A3204FC00C9A634 /* No58.swift */ = {isa = PBXFileReference; lastKnownFileType = sourcecode.swift; path = No58.swift; sourceTree = "<group>"; };
		9F1951862A320E7E00C9A634 /* No59.swift */ = {isa = PBXFileReference; lastKnownFileType = sourcecode.swift; path = No59.swift; sourceTree = "<group>"; };
		9F1951882A32108D00C9A634 /* No61.swift */ = {isa = PBXFileReference; lastKnownFileType = sourcecode.swift; path = No61.swift; sourceTree = "<group>"; };
		9F19518A2A32126C00C9A634 /* No62.swift */ = {isa = PBXFileReference; lastKnownFileType = sourcecode.swift; path = No62.swift; sourceTree = "<group>"; };
		9F19518C2A3213E100C9A634 /* No63.swift */ = {isa = PBXFileReference; lastKnownFileType = sourcecode.swift; path = No63.swift; sourceTree = "<group>"; };
		9F19518E2A3214D700C9A634 /* No64.swift */ = {isa = PBXFileReference; lastKnownFileType = sourcecode.swift; path = No64.swift; sourceTree = "<group>"; };
		9F1951902A32248C00C9A634 /* No65.swift */ = {isa = PBXFileReference; lastKnownFileType = sourcecode.swift; path = No65.swift; sourceTree = "<group>"; };
		9F1951922A32262600C9A634 /* No66.swift */ = {isa = PBXFileReference; lastKnownFileType = sourcecode.swift; path = No66.swift; sourceTree = "<group>"; };
		9F1951942A32273800C9A634 /* No67.swift */ = {isa = PBXFileReference; lastKnownFileType = sourcecode.swift; path = No67.swift; sourceTree = "<group>"; };
		9F1951962A32281900C9A634 /* No68.swift */ = {isa = PBXFileReference; lastKnownFileType = sourcecode.swift; path = No68.swift; sourceTree = "<group>"; };
		9F1951982A32298E00C9A634 /* No69.swift */ = {isa = PBXFileReference; lastKnownFileType = sourcecode.swift; path = No69.swift; sourceTree = "<group>"; };
		9F19519A2A322C7700C9A634 /* No70.swift */ = {isa = PBXFileReference; lastKnownFileType = sourcecode.swift; path = No70.swift; sourceTree = "<group>"; };
		9F19519C2A322E8E00C9A634 /* No71.swift */ = {isa = PBXFileReference; lastKnownFileType = sourcecode.swift; path = No71.swift; sourceTree = "<group>"; };
		9F19519E2A322FAB00C9A634 /* No72.swift */ = {isa = PBXFileReference; lastKnownFileType = sourcecode.swift; path = No72.swift; sourceTree = "<group>"; };
		9F1951A02A326FC700C9A634 /* No73.swift */ = {isa = PBXFileReference; lastKnownFileType = sourcecode.swift; path = No73.swift; sourceTree = "<group>"; };
		9F1951A22A32707B00C9A634 /* No74.swift */ = {isa = PBXFileReference; lastKnownFileType = sourcecode.swift; path = No74.swift; sourceTree = "<group>"; };
		9F1951A42A32728600C9A634 /* No75.swift */ = {isa = PBXFileReference; lastKnownFileType = sourcecode.swift; path = No75.swift; sourceTree = "<group>"; };
		9F1951A62A3274F100C9A634 /* No76.swift */ = {isa = PBXFileReference; lastKnownFileType = sourcecode.swift; path = No76.swift; sourceTree = "<group>"; };
		9F451CFD29F27DDC002E651C /* No2.swift */ = {isa = PBXFileReference; lastKnownFileType = sourcecode.swift; path = No2.swift; sourceTree = "<group>"; };
		9F451CFF29F27F48002E651C /* No3.swift */ = {isa = PBXFileReference; lastKnownFileType = sourcecode.swift; path = No3.swift; sourceTree = "<group>"; };
		9F451D0129F27FE0002E651C /* No4.swift */ = {isa = PBXFileReference; lastKnownFileType = sourcecode.swift; path = No4.swift; sourceTree = "<group>"; };
		9F451D0329F280ED002E651C /* No5.swift */ = {isa = PBXFileReference; lastKnownFileType = sourcecode.swift; path = No5.swift; sourceTree = "<group>"; };
		9F451D0529F281D7002E651C /* No6.swift */ = {isa = PBXFileReference; lastKnownFileType = sourcecode.swift; path = No6.swift; sourceTree = "<group>"; };
		9F451D0729F2847E002E651C /* No7.swift */ = {isa = PBXFileReference; lastKnownFileType = sourcecode.swift; path = No7.swift; sourceTree = "<group>"; };
		9F5930112A2307F70036E45B /* No27.swift */ = {isa = PBXFileReference; lastKnownFileType = sourcecode.swift; path = No27.swift; sourceTree = "<group>"; };
		9F5930132A230A3E0036E45B /* No29.swift */ = {isa = PBXFileReference; lastKnownFileType = sourcecode.swift; path = No29.swift; sourceTree = "<group>"; };
		9F5930152A230DB60036E45B /* No30.swift */ = {isa = PBXFileReference; lastKnownFileType = sourcecode.swift; path = No30.swift; sourceTree = "<group>"; };
		9F5930172A230E870036E45B /* No31.swift */ = {isa = PBXFileReference; lastKnownFileType = sourcecode.swift; path = No31.swift; sourceTree = "<group>"; };
		9F5930192A230FAD0036E45B /* No32.swift */ = {isa = PBXFileReference; lastKnownFileType = sourcecode.swift; path = No32.swift; sourceTree = "<group>"; };
		9F59301B2A2310CB0036E45B /* No33.swift */ = {isa = PBXFileReference; lastKnownFileType = sourcecode.swift; path = No33.swift; sourceTree = "<group>"; };
		9F59301D2A2312EE0036E45B /* No34.swift */ = {isa = PBXFileReference; lastKnownFileType = sourcecode.swift; path = No34.swift; sourceTree = "<group>"; };
		9F59301F2A2314E30036E45B /* No35.swift */ = {isa = PBXFileReference; lastKnownFileType = sourcecode.swift; path = No35.swift; sourceTree = "<group>"; };
		9F5930212A29DA8B0036E45B /* No36.swift */ = {isa = PBXFileReference; lastKnownFileType = sourcecode.swift; path = No36.swift; sourceTree = "<group>"; };
		9F5930232A29DF7C0036E45B /* No37.swift */ = {isa = PBXFileReference; lastKnownFileType = sourcecode.swift; path = No37.swift; sourceTree = "<group>"; };
		9F5930252A29E3CA0036E45B /* No38.swift */ = {isa = PBXFileReference; lastKnownFileType = sourcecode.swift; path = No38.swift; sourceTree = "<group>"; };
		9F5930272A31ED7F0036E45B /* No39.swift */ = {isa = PBXFileReference; lastKnownFileType = sourcecode.swift; path = No39.swift; sourceTree = "<group>"; };
		9F5930292A31EEE90036E45B /* No40.swift */ = {isa = PBXFileReference; lastKnownFileType = sourcecode.swift; path = No40.swift; sourceTree = "<group>"; };
		9F59302B2A31F0C20036E45B /* No41.swift */ = {isa = PBXFileReference; lastKnownFileType = sourcecode.swift; path = No41.swift; sourceTree = "<group>"; };
		9F59302D2A31F59F0036E45B /* No46.swift */ = {isa = PBXFileReference; lastKnownFileType = sourcecode.swift; path = No46.swift; sourceTree = "<group>"; };
		9F72A7732A218DAA003F4F90 /* No10.swift */ = {isa = PBXFileReference; lastKnownFileType = sourcecode.swift; path = No10.swift; sourceTree = "<group>"; };
		9F72A7752A218E9C003F4F90 /* No11.swift */ = {isa = PBXFileReference; lastKnownFileType = sourcecode.swift; path = No11.swift; sourceTree = "<group>"; };
		9F72A7792A219444003F4F90 /* No12.swift */ = {isa = PBXFileReference; lastKnownFileType = sourcecode.swift; path = No12.swift; sourceTree = "<group>"; };
		9F72A77B2A219546003F4F90 /* No12_2.swift */ = {isa = PBXFileReference; lastKnownFileType = sourcecode.swift; path = No12_2.swift; sourceTree = "<group>"; };
		9F72A77D2A21976C003F4F90 /* No13.swift */ = {isa = PBXFileReference; lastKnownFileType = sourcecode.swift; path = No13.swift; sourceTree = "<group>"; };
		9F72A77F2A2197E2003F4F90 /* No14.swift */ = {isa = PBXFileReference; lastKnownFileType = sourcecode.swift; path = No14.swift; sourceTree = "<group>"; };
		9F72A7812A21998F003F4F90 /* No15.swift */ = {isa = PBXFileReference; lastKnownFileType = sourcecode.swift; path = No15.swift; sourceTree = "<group>"; };
		9F72A7832A219B85003F4F90 /* No16.swift */ = {isa = PBXFileReference; lastKnownFileType = sourcecode.swift; path = No16.swift; sourceTree = "<group>"; };
		9F72A7852A219C29003F4F90 /* No17.swift */ = {isa = PBXFileReference; lastKnownFileType = sourcecode.swift; path = No17.swift; sourceTree = "<group>"; };
		9F72A7872A219D8F003F4F90 /* No18.swift */ = {isa = PBXFileReference; lastKnownFileType = sourcecode.swift; path = No18.swift; sourceTree = "<group>"; };
		9F72A7892A219FDB003F4F90 /* No19.swift */ = {isa = PBXFileReference; lastKnownFileType = sourcecode.swift; path = No19.swift; sourceTree = "<group>"; };
		9F72A78B2A21A166003F4F90 /* No19_2.swift */ = {isa = PBXFileReference; lastKnownFileType = sourcecode.swift; path = No19_2.swift; sourceTree = "<group>"; };
		9F72A78D2A21A503003F4F90 /* No20.swift */ = {isa = PBXFileReference; lastKnownFileType = sourcecode.swift; path = No20.swift; sourceTree = "<group>"; };
		9F72A78F2A21A6FA003F4F90 /* No21.swift */ = {isa = PBXFileReference; lastKnownFileType = sourcecode.swift; path = No21.swift; sourceTree = "<group>"; };
		9F72A7912A21ACC0003F4F90 /* No22.swift */ = {isa = PBXFileReference; lastKnownFileType = sourcecode.swift; path = No22.swift; sourceTree = "<group>"; };
		9F72A7932A21AE73003F4F90 /* No23.swift */ = {isa = PBXFileReference; lastKnownFileType = sourcecode.swift; path = No23.swift; sourceTree = "<group>"; };
		9F72A7952A21B123003F4F90 /* No24.swift */ = {isa = PBXFileReference; lastKnownFileType = sourcecode.swift; path = No24.swift; sourceTree = "<group>"; };
		9F72A7972A21B3D8003F4F90 /* No25.swift */ = {isa = PBXFileReference; lastKnownFileType = sourcecode.swift; path = No25.swift; sourceTree = "<group>"; };
		9F72A7992A21B653003F4F90 /* No26.swift */ = {isa = PBXFileReference; lastKnownFileType = sourcecode.swift; path = No26.swift; sourceTree = "<group>"; };
		9F8B02FD29FB9A5E0044A67B /* No8.swift */ = {isa = PBXFileReference; lastKnownFileType = sourcecode.swift; path = No8.swift; sourceTree = "<group>"; };
		9F8B02FF29FB9E960044A67B /* No9.swift */ = {isa = PBXFileReference; lastKnownFileType = sourcecode.swift; path = No9.swift; sourceTree = "<group>"; };
		9FA8A48529D076D500F5573E /* SwiftUI100.app */ = {isa = PBXFileReference; explicitFileType = wrapper.application; includeInIndex = 0; path = SwiftUI100.app; sourceTree = BUILT_PRODUCTS_DIR; };
		9FA8A48829D076D500F5573E /* SwiftUI100App.swift */ = {isa = PBXFileReference; lastKnownFileType = sourcecode.swift; path = SwiftUI100App.swift; sourceTree = "<group>"; };
		9FA8A48A29D076D500F5573E /* ContentView.swift */ = {isa = PBXFileReference; lastKnownFileType = sourcecode.swift; path = ContentView.swift; sourceTree = "<group>"; };
		9FA8A48C29D076D700F5573E /* Assets.xcassets */ = {isa = PBXFileReference; lastKnownFileType = folder.assetcatalog; path = Assets.xcassets; sourceTree = "<group>"; };
		9FA8A48F29D076D700F5573E /* Preview Assets.xcassets */ = {isa = PBXFileReference; lastKnownFileType = folder.assetcatalog; path = "Preview Assets.xcassets"; sourceTree = "<group>"; };
		9FA8A49629D3B98800F5573E /* No1.swift */ = {isa = PBXFileReference; lastKnownFileType = sourcecode.swift; path = No1.swift; sourceTree = "<group>"; };
/* End PBXFileReference section */

/* Begin PBXFrameworksBuildPhase section */
		9FA8A48229D076D500F5573E /* Frameworks */ = {
			isa = PBXFrameworksBuildPhase;
			buildActionMask = 2147483647;
			files = (
			);
			runOnlyForDeploymentPostprocessing = 0;
		};
/* End PBXFrameworksBuildPhase section */

/* Begin PBXGroup section */
		9FA8A47C29D076D500F5573E = {
			isa = PBXGroup;
			children = (
				9FA8A48729D076D500F5573E /* SwiftUI100 */,
				9FA8A48629D076D500F5573E /* Products */,
			);
			sourceTree = "<group>";
		};
		9FA8A48629D076D500F5573E /* Products */ = {
			isa = PBXGroup;
			children = (
				9FA8A48529D076D500F5573E /* SwiftUI100.app */,
			);
			name = Products;
			sourceTree = "<group>";
		};
		9FA8A48729D076D500F5573E /* SwiftUI100 */ = {
			isa = PBXGroup;
			children = (
				9FA8A48829D076D500F5573E /* SwiftUI100App.swift */,
				9FA8A48A29D076D500F5573E /* ContentView.swift */,
				9FA8A48C29D076D700F5573E /* Assets.xcassets */,
				9FA8A48E29D076D700F5573E /* Preview Content */,
				9FA8A49629D3B98800F5573E /* No1.swift */,
				9F451CFD29F27DDC002E651C /* No2.swift */,
				9F451CFF29F27F48002E651C /* No3.swift */,
				9F451D0129F27FE0002E651C /* No4.swift */,
				9F451D0329F280ED002E651C /* No5.swift */,
				9F451D0529F281D7002E651C /* No6.swift */,
				9F451D0729F2847E002E651C /* No7.swift */,
				9F8B02FD29FB9A5E0044A67B /* No8.swift */,
				9F8B02FF29FB9E960044A67B /* No9.swift */,
				9F72A7732A218DAA003F4F90 /* No10.swift */,
				9F72A7752A218E9C003F4F90 /* No11.swift */,
				9F72A7792A219444003F4F90 /* No12.swift */,
				9F72A77B2A219546003F4F90 /* No12_2.swift */,
				9F72A77D2A21976C003F4F90 /* No13.swift */,
				9F72A77F2A2197E2003F4F90 /* No14.swift */,
				9F72A7812A21998F003F4F90 /* No15.swift */,
				9F72A7832A219B85003F4F90 /* No16.swift */,
				9F72A7852A219C29003F4F90 /* No17.swift */,
				9F72A7872A219D8F003F4F90 /* No18.swift */,
				9F72A7892A219FDB003F4F90 /* No19.swift */,
				9F72A78B2A21A166003F4F90 /* No19_2.swift */,
				9F72A78D2A21A503003F4F90 /* No20.swift */,
				9F72A78F2A21A6FA003F4F90 /* No21.swift */,
				9F72A7912A21ACC0003F4F90 /* No22.swift */,
				9F72A7932A21AE73003F4F90 /* No23.swift */,
				9F72A7952A21B123003F4F90 /* No24.swift */,
				9F72A7972A21B3D8003F4F90 /* No25.swift */,
				9F72A7992A21B653003F4F90 /* No26.swift */,
				9F5930112A2307F70036E45B /* No27.swift */,
				9F5930132A230A3E0036E45B /* No29.swift */,
				9F5930152A230DB60036E45B /* No30.swift */,
				9F5930172A230E870036E45B /* No31.swift */,
				9F5930192A230FAD0036E45B /* No32.swift */,
				9F59301B2A2310CB0036E45B /* No33.swift */,
				9F59301D2A2312EE0036E45B /* No34.swift */,
				9F59301F2A2314E30036E45B /* No35.swift */,
				9F5930212A29DA8B0036E45B /* No36.swift */,
				9F5930232A29DF7C0036E45B /* No37.swift */,
				9F5930252A29E3CA0036E45B /* No38.swift */,
				9F5930272A31ED7F0036E45B /* No39.swift */,
				9F5930292A31EEE90036E45B /* No40.swift */,
				9F59302B2A31F0C20036E45B /* No41.swift */,
				9F59302D2A31F59F0036E45B /* No46.swift */,
				9F1951782A31F82600C9A634 /* No48.swift */,
				9F19517A2A31F9D400C9A634 /* No49.swift */,
				9F19517C2A31FB7300C9A634 /* No54.swift */,
				9F19517E2A31FD2900C9A634 /* No55.swift */,
				9F1951802A31FFA000C9A634 /* No56.swift */,
				9F1951822A32019700C9A634 /* No57.swift */,
				9F1951842A3204FC00C9A634 /* No58.swift */,
				9F1951862A320E7E00C9A634 /* No59.swift */,
				9F1951882A32108D00C9A634 /* No61.swift */,
				9F19518A2A32126C00C9A634 /* No62.swift */,
				9F19518C2A3213E100C9A634 /* No63.swift */,
				9F19518E2A3214D700C9A634 /* No64.swift */,
				9F1951902A32248C00C9A634 /* No65.swift */,
				9F1951922A32262600C9A634 /* No66.swift */,
				9F1951942A32273800C9A634 /* No67.swift */,
				9F1951962A32281900C9A634 /* No68.swift */,
				9F1951982A32298E00C9A634 /* No69.swift */,
				9F19519A2A322C7700C9A634 /* No70.swift */,
				9F19519C2A322E8E00C9A634 /* No71.swift */,
				9F19519E2A322FAB00C9A634 /* No72.swift */,
				9F1951A02A326FC700C9A634 /* No73.swift */,
				9F1951A22A32707B00C9A634 /* No74.swift */,
				9F1951A42A32728600C9A634 /* No75.swift */,
				9F1951A62A3274F100C9A634 /* No76.swift */,
			);
			path = SwiftUI100;
			sourceTree = "<group>";
		};
		9FA8A48E29D076D700F5573E /* Preview Content */ = {
			isa = PBXGroup;
			children = (
				9FA8A48F29D076D700F5573E /* Preview Assets.xcassets */,
			);
			path = "Preview Content";
			sourceTree = "<group>";
		};
/* End PBXGroup section */

/* Begin PBXNativeTarget section */
		9FA8A48429D076D500F5573E /* SwiftUI100 */ = {
			isa = PBXNativeTarget;
			buildConfigurationList = 9FA8A49329D076D700F5573E /* Build configuration list for PBXNativeTarget "SwiftUI100" */;
			buildPhases = (
				9FA8A48129D076D500F5573E /* Sources */,
				9FA8A48229D076D500F5573E /* Frameworks */,
				9FA8A48329D076D500F5573E /* Resources */,
			);
			buildRules = (
			);
			dependencies = (
			);
			name = SwiftUI100;
			productName = SwiftUI100;
			productReference = 9FA8A48529D076D500F5573E /* SwiftUI100.app */;
			productType = "com.apple.product-type.application";
		};
/* End PBXNativeTarget section */

/* Begin PBXProject section */
		9FA8A47D29D076D500F5573E /* Project object */ = {
			isa = PBXProject;
			attributes = {
				BuildIndependentTargetsInParallel = 1;
				LastSwiftUpdateCheck = 1420;
				LastUpgradeCheck = 1420;
				TargetAttributes = {
					9FA8A48429D076D500F5573E = {
						CreatedOnToolsVersion = 14.2;
					};
				};
			};
			buildConfigurationList = 9FA8A48029D076D500F5573E /* Build configuration list for PBXProject "SwiftUI100" */;
			compatibilityVersion = "Xcode 14.0";
			developmentRegion = en;
			hasScannedForEncodings = 0;
			knownRegions = (
				en,
				Base,
			);
			mainGroup = 9FA8A47C29D076D500F5573E;
			productRefGroup = 9FA8A48629D076D500F5573E /* Products */;
			projectDirPath = "";
			projectRoot = "";
			targets = (
				9FA8A48429D076D500F5573E /* SwiftUI100 */,
			);
		};
/* End PBXProject section */

/* Begin PBXResourcesBuildPhase section */
		9FA8A48329D076D500F5573E /* Resources */ = {
			isa = PBXResourcesBuildPhase;
			buildActionMask = 2147483647;
			files = (
				9FA8A49029D076D700F5573E /* Preview Assets.xcassets in Resources */,
				9FA8A48D29D076D700F5573E /* Assets.xcassets in Resources */,
			);
			runOnlyForDeploymentPostprocessing = 0;
		};
/* End PBXResourcesBuildPhase section */

/* Begin PBXSourcesBuildPhase section */
		9FA8A48129D076D500F5573E /* Sources */ = {
			isa = PBXSourcesBuildPhase;
			buildActionMask = 2147483647;
			files = (
				9F5930162A230DB60036E45B /* No30.swift in Sources */,
				9FA8A48B29D076D500F5573E /* ContentView.swift in Sources */,
				9F72A7842A219B85003F4F90 /* No16.swift in Sources */,
				9F1951872A320E7E00C9A634 /* No59.swift in Sources */,
				9F1951832A32019700C9A634 /* No57.swift in Sources */,
				9F72A7802A2197E2003F4F90 /* No14.swift in Sources */,
				9F19519B2A322C7700C9A634 /* No70.swift in Sources */,
				9F5930242A29DF7C0036E45B /* No37.swift in Sources */,
				9F59301A2A230FAD0036E45B /* No32.swift in Sources */,
				9F8B02FE29FB9A5E0044A67B /* No8.swift in Sources */,
				9F19519D2A322E8E00C9A634 /* No71.swift in Sources */,
				9F72A7762A218E9C003F4F90 /* No11.swift in Sources */,
				9F451D0229F27FE0002E651C /* No4.swift in Sources */,
				9F72A7742A218DAA003F4F90 /* No10.swift in Sources */,
				9F1951A12A326FC700C9A634 /* No73.swift in Sources */,
				9F72A7822A21998F003F4F90 /* No15.swift in Sources */,
				9F19517B2A31F9D400C9A634 /* No49.swift in Sources */,
				9F1951A72A3274F100C9A634 /* No76.swift in Sources */,
				9F19518B2A32126C00C9A634 /* No62.swift in Sources */,
				9F1951912A32248C00C9A634 /* No65.swift in Sources */,
				9F451D0029F27F48002E651C /* No3.swift in Sources */,
				9F1951892A32108D00C9A634 /* No61.swift in Sources */,
				9F72A7882A219D8F003F4F90 /* No18.swift in Sources */,
				9F1951992A32298E00C9A634 /* No69.swift in Sources */,
				9F59301E2A2312EE0036E45B /* No34.swift in Sources */,
				9F19518D2A3213E100C9A634 /* No63.swift in Sources */,
				9F5930122A2307F70036E45B /* No27.swift in Sources */,
				9F5930182A230E870036E45B /* No31.swift in Sources */,
				9F72A77E2A21976C003F4F90 /* No13.swift in Sources */,
				9F1951A32A32707B00C9A634 /* No74.swift in Sources */,
				9FA8A49729D3B98800F5573E /* No1.swift in Sources */,
				9F59302A2A31EEE90036E45B /* No40.swift in Sources */,
				9F5930282A31ED7F0036E45B /* No39.swift in Sources */,
				9F5930142A230A3E0036E45B /* No29.swift in Sources */,
				9F72A78E2A21A503003F4F90 /* No20.swift in Sources */,
				9F72A78A2A219FDB003F4F90 /* No19.swift in Sources */,
				9F5930202A2314E30036E45B /* No35.swift in Sources */,
				9F1951932A32262600C9A634 /* No66.swift in Sources */,
				9F59302E2A31F59F0036E45B /* No46.swift in Sources */,
				9F72A77C2A219546003F4F90 /* No12_2.swift in Sources */,
				9F19517D2A31FB7300C9A634 /* No54.swift in Sources */,
				9F19517F2A31FD2900C9A634 /* No55.swift in Sources */,
				9F72A7942A21AE73003F4F90 /* No23.swift in Sources */,
				9F8B030029FB9E960044A67B /* No9.swift in Sources */,
				9F59302C2A31F0C20036E45B /* No41.swift in Sources */,
				9F1951952A32273800C9A634 /* No67.swift in Sources */,
				9F5930222A29DA8B0036E45B /* No36.swift in Sources */,
				9F451D0429F280ED002E651C /* No5.swift in Sources */,
				9F19518F2A3214D700C9A634 /* No64.swift in Sources */,
				9F72A7862A219C29003F4F90 /* No17.swift in Sources */,
				9F59301C2A2310CB0036E45B /* No33.swift in Sources */,
				9F19519F2A322FAB00C9A634 /* No72.swift in Sources */,
				9FA8A48929D076D500F5573E /* SwiftUI100App.swift in Sources */,
				9F72A7962A21B123003F4F90 /* No24.swift in Sources */,
				9F72A7982A21B3D8003F4F90 /* No25.swift in Sources */,
				9F72A78C2A21A166003F4F90 /* No19_2.swift in Sources */,
				9F72A7922A21ACC0003F4F90 /* No22.swift in Sources */,
				9F72A79A2A21B653003F4F90 /* No26.swift in Sources */,
				9F451CFE29F27DDC002E651C /* No2.swift in Sources */,
				9F1951A52A32728600C9A634 /* No75.swift in Sources */,
				9F1951972A32281900C9A634 /* No68.swift in Sources */,
				9F451D0829F2847E002E651C /* No7.swift in Sources */,
				9F451D0629F281D7002E651C /* No6.swift in Sources */,
				9F72A77A2A219444003F4F90 /* No12.swift in Sources */,
				9F1951852A3204FC00C9A634 /* No58.swift in Sources */,
				9F72A7902A21A6FA003F4F90 /* No21.swift in Sources */,
				9F1951792A31F82600C9A634 /* No48.swift in Sources */,
				9F5930262A29E3CA0036E45B /* No38.swift in Sources */,
				9F1951812A31FFA000C9A634 /* No56.swift in Sources */,
			);
			runOnlyForDeploymentPostprocessing = 0;
		};
/* End PBXSourcesBuildPhase section */

/* Begin XCBuildConfiguration section */
		9FA8A49129D076D700F5573E /* Debug */ = {
			isa = XCBuildConfiguration;
			buildSettings = {
				ALWAYS_SEARCH_USER_PATHS = NO;
				CLANG_ANALYZER_NONNULL = YES;
				CLANG_ANALYZER_NUMBER_OBJECT_CONVERSION = YES_AGGRESSIVE;
				CLANG_CXX_LANGUAGE_STANDARD = "gnu++20";
				CLANG_ENABLE_MODULES = YES;
				CLANG_ENABLE_OBJC_ARC = YES;
				CLANG_ENABLE_OBJC_WEAK = YES;
				CLANG_WARN_BLOCK_CAPTURE_AUTORELEASING = YES;
				CLANG_WARN_BOOL_CONVERSION = YES;
				CLANG_WARN_COMMA = YES;
				CLANG_WARN_CONSTANT_CONVERSION = YES;
				CLANG_WARN_DEPRECATED_OBJC_IMPLEMENTATIONS = YES;
				CLANG_WARN_DIRECT_OBJC_ISA_USAGE = YES_ERROR;
				CLANG_WARN_DOCUMENTATION_COMMENTS = YES;
				CLANG_WARN_EMPTY_BODY = YES;
				CLANG_WARN_ENUM_CONVERSION = YES;
				CLANG_WARN_INFINITE_RECURSION = YES;
				CLANG_WARN_INT_CONVERSION = YES;
				CLANG_WARN_NON_LITERAL_NULL_CONVERSION = YES;
				CLANG_WARN_OBJC_IMPLICIT_RETAIN_SELF = YES;
				CLANG_WARN_OBJC_LITERAL_CONVERSION = YES;
				CLANG_WARN_OBJC_ROOT_CLASS = YES_ERROR;
				CLANG_WARN_QUOTED_INCLUDE_IN_FRAMEWORK_HEADER = YES;
				CLANG_WARN_RANGE_LOOP_ANALYSIS = YES;
				CLANG_WARN_STRICT_PROTOTYPES = YES;
				CLANG_WARN_SUSPICIOUS_MOVE = YES;
				CLANG_WARN_UNGUARDED_AVAILABILITY = YES_AGGRESSIVE;
				CLANG_WARN_UNREACHABLE_CODE = YES;
				CLANG_WARN__DUPLICATE_METHOD_MATCH = YES;
				COPY_PHASE_STRIP = NO;
				DEBUG_INFORMATION_FORMAT = dwarf;
				ENABLE_STRICT_OBJC_MSGSEND = YES;
				ENABLE_TESTABILITY = YES;
				GCC_C_LANGUAGE_STANDARD = gnu11;
				GCC_DYNAMIC_NO_PIC = NO;
				GCC_NO_COMMON_BLOCKS = YES;
				GCC_OPTIMIZATION_LEVEL = 0;
				GCC_PREPROCESSOR_DEFINITIONS = (
					"DEBUG=1",
					"$(inherited)",
				);
				GCC_WARN_64_TO_32_BIT_CONVERSION = YES;
				GCC_WARN_ABOUT_RETURN_TYPE = YES_ERROR;
				GCC_WARN_UNDECLARED_SELECTOR = YES;
				GCC_WARN_UNINITIALIZED_AUTOS = YES_AGGRESSIVE;
				GCC_WARN_UNUSED_FUNCTION = YES;
				GCC_WARN_UNUSED_VARIABLE = YES;
				IPHONEOS_DEPLOYMENT_TARGET = 16.2;
				MTL_ENABLE_DEBUG_INFO = INCLUDE_SOURCE;
				MTL_FAST_MATH = YES;
				ONLY_ACTIVE_ARCH = YES;
				SDKROOT = iphoneos;
				SWIFT_ACTIVE_COMPILATION_CONDITIONS = DEBUG;
				SWIFT_OPTIMIZATION_LEVEL = "-Onone";
			};
			name = Debug;
		};
		9FA8A49229D076D700F5573E /* Release */ = {
			isa = XCBuildConfiguration;
			buildSettings = {
				ALWAYS_SEARCH_USER_PATHS = NO;
				CLANG_ANALYZER_NONNULL = YES;
				CLANG_ANALYZER_NUMBER_OBJECT_CONVERSION = YES_AGGRESSIVE;
				CLANG_CXX_LANGUAGE_STANDARD = "gnu++20";
				CLANG_ENABLE_MODULES = YES;
				CLANG_ENABLE_OBJC_ARC = YES;
				CLANG_ENABLE_OBJC_WEAK = YES;
				CLANG_WARN_BLOCK_CAPTURE_AUTORELEASING = YES;
				CLANG_WARN_BOOL_CONVERSION = YES;
				CLANG_WARN_COMMA = YES;
				CLANG_WARN_CONSTANT_CONVERSION = YES;
				CLANG_WARN_DEPRECATED_OBJC_IMPLEMENTATIONS = YES;
				CLANG_WARN_DIRECT_OBJC_ISA_USAGE = YES_ERROR;
				CLANG_WARN_DOCUMENTATION_COMMENTS = YES;
				CLANG_WARN_EMPTY_BODY = YES;
				CLANG_WARN_ENUM_CONVERSION = YES;
				CLANG_WARN_INFINITE_RECURSION = YES;
				CLANG_WARN_INT_CONVERSION = YES;
				CLANG_WARN_NON_LITERAL_NULL_CONVERSION = YES;
				CLANG_WARN_OBJC_IMPLICIT_RETAIN_SELF = YES;
				CLANG_WARN_OBJC_LITERAL_CONVERSION = YES;
				CLANG_WARN_OBJC_ROOT_CLASS = YES_ERROR;
				CLANG_WARN_QUOTED_INCLUDE_IN_FRAMEWORK_HEADER = YES;
				CLANG_WARN_RANGE_LOOP_ANALYSIS = YES;
				CLANG_WARN_STRICT_PROTOTYPES = YES;
				CLANG_WARN_SUSPICIOUS_MOVE = YES;
				CLANG_WARN_UNGUARDED_AVAILABILITY = YES_AGGRESSIVE;
				CLANG_WARN_UNREACHABLE_CODE = YES;
				CLANG_WARN__DUPLICATE_METHOD_MATCH = YES;
				COPY_PHASE_STRIP = NO;
				DEBUG_INFORMATION_FORMAT = "dwarf-with-dsym";
				ENABLE_NS_ASSERTIONS = NO;
				ENABLE_STRICT_OBJC_MSGSEND = YES;
				GCC_C_LANGUAGE_STANDARD = gnu11;
				GCC_NO_COMMON_BLOCKS = YES;
				GCC_WARN_64_TO_32_BIT_CONVERSION = YES;
				GCC_WARN_ABOUT_RETURN_TYPE = YES_ERROR;
				GCC_WARN_UNDECLARED_SELECTOR = YES;
				GCC_WARN_UNINITIALIZED_AUTOS = YES_AGGRESSIVE;
				GCC_WARN_UNUSED_FUNCTION = YES;
				GCC_WARN_UNUSED_VARIABLE = YES;
				IPHONEOS_DEPLOYMENT_TARGET = 16.2;
				MTL_ENABLE_DEBUG_INFO = NO;
				MTL_FAST_MATH = YES;
				SDKROOT = iphoneos;
				SWIFT_COMPILATION_MODE = wholemodule;
				SWIFT_OPTIMIZATION_LEVEL = "-O";
				VALIDATE_PRODUCT = YES;
			};
			name = Release;
		};
		9FA8A49429D076D700F5573E /* Debug */ = {
			isa = XCBuildConfiguration;
			buildSettings = {
				ASSETCATALOG_COMPILER_APPICON_NAME = AppIcon;
				ASSETCATALOG_COMPILER_GLOBAL_ACCENT_COLOR_NAME = AccentColor;
				CODE_SIGN_STYLE = Automatic;
				CURRENT_PROJECT_VERSION = 1;
				DEVELOPMENT_ASSET_PATHS = "\"SwiftUI100/Preview Content\"";
				DEVELOPMENT_TEAM = 4F3943TE3K;
				ENABLE_PREVIEWS = YES;
				GENERATE_INFOPLIST_FILE = YES;
				INFOPLIST_KEY_UIApplicationSceneManifest_Generation = YES;
				INFOPLIST_KEY_UIApplicationSupportsIndirectInputEvents = YES;
				INFOPLIST_KEY_UILaunchScreen_Generation = YES;
				INFOPLIST_KEY_UISupportedInterfaceOrientations = "UIInterfaceOrientationLandscapeLeft UIInterfaceOrientationLandscapeRight UIInterfaceOrientationPortrait";
				LD_RUNPATH_SEARCH_PATHS = (
					"$(inherited)",
					"@executable_path/Frameworks",
				);
				MARKETING_VERSION = 1.0;
				PRODUCT_BUNDLE_IDENTIFIER = canacel.SwiftUI100;
				PRODUCT_NAME = "$(TARGET_NAME)";
				SWIFT_EMIT_LOC_STRINGS = YES;
				SWIFT_VERSION = 5.0;
				TARGETED_DEVICE_FAMILY = "1,2";
			};
			name = Debug;
		};
		9FA8A49529D076D700F5573E /* Release */ = {
			isa = XCBuildConfiguration;
			buildSettings = {
				ASSETCATALOG_COMPILER_APPICON_NAME = AppIcon;
				ASSETCATALOG_COMPILER_GLOBAL_ACCENT_COLOR_NAME = AccentColor;
				CODE_SIGN_STYLE = Automatic;
				CURRENT_PROJECT_VERSION = 1;
				DEVELOPMENT_ASSET_PATHS = "\"SwiftUI100/Preview Content\"";
				DEVELOPMENT_TEAM = 4F3943TE3K;
				ENABLE_PREVIEWS = YES;
				GENERATE_INFOPLIST_FILE = YES;
				INFOPLIST_KEY_UIApplicationSceneManifest_Generation = YES;
				INFOPLIST_KEY_UIApplicationSupportsIndirectInputEvents = YES;
				INFOPLIST_KEY_UILaunchScreen_Generation = YES;
				INFOPLIST_KEY_UISupportedInterfaceOrientations = "UIInterfaceOrientationLandscapeLeft UIInterfaceOrientationLandscapeRight UIInterfaceOrientationPortrait";
				LD_RUNPATH_SEARCH_PATHS = (
					"$(inherited)",
					"@executable_path/Frameworks",
				);
				MARKETING_VERSION = 1.0;
				PRODUCT_BUNDLE_IDENTIFIER = canacel.SwiftUI100;
				PRODUCT_NAME = "$(TARGET_NAME)";
				SWIFT_EMIT_LOC_STRINGS = YES;
				SWIFT_VERSION = 5.0;
				TARGETED_DEVICE_FAMILY = "1,2";
			};
			name = Release;
		};
/* End XCBuildConfiguration section */

/* Begin XCConfigurationList section */
		9FA8A48029D076D500F5573E /* Build configuration list for PBXProject "SwiftUI100" */ = {
			isa = XCConfigurationList;
			buildConfigurations = (
				9FA8A49129D076D700F5573E /* Debug */,
				9FA8A49229D076D700F5573E /* Release */,
			);
			defaultConfigurationIsVisible = 0;
			defaultConfigurationName = Release;
		};
		9FA8A49329D076D700F5573E /* Build configuration list for PBXNativeTarget "SwiftUI100" */ = {
			isa = XCConfigurationList;
			buildConfigurations = (
				9FA8A49429D076D700F5573E /* Debug */,
				9FA8A49529D076D700F5573E /* Release */,
			);
			defaultConfigurationIsVisible = 0;
			defaultConfigurationName = Release;
		};
/* End XCConfigurationList section */
	};
	rootObject = 9FA8A47D29D076D500F5573E /* Project object */;
}
